// !$*UTF8*$!
{
	archiveVersion = 1;
	classes = {
	};
	objectVersion = 77;
	objects = {

/* Begin PBXBuildFile section */
		0E1DDDD0303E03C400B128CC /* DailyTotalModel.swift in Sources */ = {isa = PBXBuildFile; fileRef = 0E1DDDCF303E03BD00B128CC /* DailyTotalModel.swift */; };
		0E1DDDD2303E23FE00B128CC /* WeekView.swift in Sources */ = {isa = PBXBuildFile; fileRef = 0E1DDDD1303E23E200B128CC /* WeekView.swift */; };
		0E1DDDD6303E262F00B128CC /* YearView.swift in Sources */ = {isa = PBXBuildFile; fileRef = 0E1DDDD5303E262D00B128CC /* YearView.swift */; };
		0E1DDDD8303E263600B128CC /* TableView.swift in Sources */ = {isa = PBXBuildFile; fileRef = 0E1DDDD7303E263300B128CC /* TableView.swift */; };
		0E2B55192F804F4500904954 /* FontUI.swift in Sources */ = {isa = PBXBuildFile; fileRef = 0E2B55182F804F2D00904954 /* FontUI.swift */; };
		0E2B551C2F804F6D00904954 /* Cabin-VariableFont_wdth,wght.ttf in Resources */ = {isa = PBXBuildFile; fileRef = 0E2B551B2F804F6D00904954 /* Cabin-VariableFont_wdth,wght.ttf */; };
		0E2B551D2F804F6D00904954 /* Cabin-Italic-VariableFont_wdth,wght.ttf in Resources */ = {isa = PBXBuildFile; fileRef = 0E2B551A2F804F6D00904954 /* Cabin-Italic-VariableFont_wdth,wght.ttf */; };
		0E2B551E2F804F6D00904954 /* Cabin-VariableFont_wdth,wght.ttf in Resources */ = {isa = PBXBuildFile; fileRef = 0E2B551B2F804F6D00904954 /* Cabin-VariableFont_wdth,wght.ttf */; };
		0E2B551F2F804F6D00904954 /* Cabin-Italic-VariableFont_wdth,wght.ttf in Resources */ = {isa = PBXBuildFile; fileRef = 0E2B551A2F804F6D00904954 /* Cabin-Italic-VariableFont_wdth,wght.ttf */; };
		0E2B55202F804F6D00904954 /* Cabin-VariableFont_wdth,wght.ttf in Resources */ = {isa = PBXBuildFile; fileRef = 0E2B551B2F804F6D00904954 /* Cabin-VariableFont_wdth,wght.ttf */; };
		0E2B55212F804F6D00904954 /* Cabin-Italic-VariableFont_wdth,wght.ttf in Resources */ = {isa = PBXBuildFile; fileRef = 0E2B551A2F804F6D00904954 /* Cabin-Italic-VariableFont_wdth,wght.ttf */; };
		0E2B55242F8055C900904954 /* FormatUI.swift in Sources */ = {isa = PBXBuildFile; fileRef = 0E2B55232F8055AB00904954 /* FormatUI.swift */; };
		0E2B55252F8055C900904954 /* FormatUI.swift in Sources */ = {isa = PBXBuildFile; fileRef = 0E2B55232F8055AB00904954 /* FormatUI.swift */; };
		0E2B55262F8055C900904954 /* FormatUI.swift in Sources */ = {isa = PBXBuildFile; fileRef = 0E2B55232F8055AB00904954 /* FormatUI.swift */; };
		0E972B3E2F85A93D00CC1031 /* BindSessionModel.swift in Sources */ = {isa = PBXBuildFile; fileRef = 0E972B3D2F85A92800CC1031 /* BindSessionModel.swift */; };
		0EEB5A25303666A600ABA130 /* InfoButton.swift in Sources */ = {isa = PBXBuildFile; fileRef = 0EEB5A24303666A600ABA130 /* InfoButton.swift */; };
		5C2793732F78715A006DDB32 /* HistoryView.swift in Sources */ = {isa = PBXBuildFile; fileRef = 5C2793722F787149006DDB32 /* HistoryView.swift */; };
		5C2793752F78717D006DDB32 /* TodayView.swift in Sources */ = {isa = PBXBuildFile; fileRef = 5C2793742F78717A006DDB32 /* TodayView.swift */; };
		5C2793782F7871BC006DDB32 /* BindTimer.swift in Sources */ = {isa = PBXBuildFile; fileRef = 5C2793772F7871B6006DDB32 /* BindTimer.swift */; };
		5C27937A2F7871E4006DDB32 /* BindTimerNotification.swift in Sources */ = {isa = PBXBuildFile; fileRef = 5C2793792F7871DC006DDB32 /* BindTimerNotification.swift */; };
		5CB017942F6CC14700D50145 /* MainTabView.swift in Sources */ = {isa = PBXBuildFile; fileRef = 5CB017932F6CC14700D50145 /* MainTabView.swift */; };
		9A8218773037BBD700448824 /* SwiftUIView.swift in Sources */ = {isa = PBXBuildFile; fileRef = 9A8218763037BBD700448824 /* SwiftUIView.swift */; };
		E33E76672F3BC0E6008D27B5 /* BLE_TutorialsApp.swift in Sources */ = {isa = PBXBuildFile; fileRef = E33E76622F3BC0E6008D27B5 /* BLE_TutorialsApp.swift */; };
		E33E766B2F3BC0E6008D27B5 /* Assets.xcassets in Resources */ = {isa = PBXBuildFile; fileRef = E33E76612F3BC0E6008D27B5 /* Assets.xcassets */; };
/* End PBXBuildFile section */

/* Begin PBXContainerItemProxy section */
		E3F9F87C2E9D591C00C7573A /* PBXContainerItemProxy */ = {
			isa = PBXContainerItemProxy;
			containerPortal = E3F9F8662E9D591A00C7573A /* Project object */;
			proxyType = 1;
			remoteGlobalIDString = E3F9F86D2E9D591A00C7573A;
			remoteInfo = "BLE Tutorials";
		};
		E3F9F8862E9D591C00C7573A /* PBXContainerItemProxy */ = {
			isa = PBXContainerItemProxy;
			containerPortal = E3F9F8662E9D591A00C7573A /* Project object */;
			proxyType = 1;
			remoteGlobalIDString = E3F9F86D2E9D591A00C7573A;
			remoteInfo = "BLE Tutorials";
		};
/* End PBXContainerItemProxy section */

/* Begin PBXFileReference section */
		0E1DDDCF303E03BD00B128CC /* DailyTotalModel.swift */ = {isa = PBXFileReference; lastKnownFileType = sourcecode.swift; path = DailyTotalModel.swift; sourceTree = "<group>"; };
		0E1DDDD1303E23E200B128CC /* WeekView.swift */ = {isa = PBXFileReference; lastKnownFileType = sourcecode.swift; path = WeekView.swift; sourceTree = "<group>"; };
		0E1DDDD5303E262D00B128CC /* YearView.swift */ = {isa = PBXFileReference; lastKnownFileType = sourcecode.swift; path = YearView.swift; sourceTree = "<group>"; };
		0E1DDDD7303E263300B128CC /* TableView.swift */ = {isa = PBXFileReference; lastKnownFileType = sourcecode.swift; path = TableView.swift; sourceTree = "<group>"; };
		0E2B55182F804F2D00904954 /* FontUI.swift */ = {isa = PBXFileReference; lastKnownFileType = sourcecode.swift; path = FontUI.swift; sourceTree = "<group>"; };
		0E2B551A2F804F6D00904954 /* Cabin-Italic-VariableFont_wdth,wght.ttf */ = {isa = PBXFileReference; lastKnownFileType = file; path = "Cabin-Italic-VariableFont_wdth,wght.ttf"; sourceTree = "<group>"; };
		0E2B551B2F804F6D00904954 /* Cabin-VariableFont_wdth,wght.ttf */ = {isa = PBXFileReference; lastKnownFileType = file; path = "Cabin-VariableFont_wdth,wght.ttf"; sourceTree = "<group>"; };
		0E2B55222F80501200904954 /* BLE-Tutorials-Info.plist */ = {isa = PBXFileReference; lastKnownFileType = text.plist; path = "BLE-Tutorials-Info.plist"; sourceTree = SOURCE_ROOT; };
		0E2B55232F8055AB00904954 /* FormatUI.swift */ = {isa = PBXFileReference; lastKnownFileType = sourcecode.swift; path = FormatUI.swift; sourceTree = "<group>"; };
		0E972B3D2F85A92800CC1031 /* BindSessionModel.swift */ = {isa = PBXFileReference; lastKnownFileType = sourcecode.swift; path = BindSessionModel.swift; sourceTree = "<group>"; };
		0EEB5A24303666A600ABA130 /* InfoButton.swift */ = {isa = PBXFileReference; lastKnownFileType = sourcecode.swift; path = InfoButton.swift; sourceTree = "<group>"; };
		5C2793722F787149006DDB32 /* HistoryView.swift */ = {isa = PBXFileReference; lastKnownFileType = sourcecode.swift; path = HistoryView.swift; sourceTree = "<group>"; };
		5C2793742F78717A006DDB32 /* TodayView.swift */ = {isa = PBXFileReference; lastKnownFileType = sourcecode.swift; path = TodayView.swift; sourceTree = "<group>"; };
		5C2793772F7871B6006DDB32 /* BindTimer.swift */ = {isa = PBXFileReference; lastKnownFileType = sourcecode.swift; path = BindTimer.swift; sourceTree = "<group>"; };
		5C2793792F7871DC006DDB32 /* BindTimerNotification.swift */ = {isa = PBXFileReference; lastKnownFileType = sourcecode.swift; path = BindTimerNotification.swift; sourceTree = "<group>"; };
		5CB017932F6CC14700D50145 /* MainTabView.swift */ = {isa = PBXFileReference; lastKnownFileType = sourcecode.swift; path = MainTabView.swift; sourceTree = "<group>"; };
		9A8218763037BBD700448824 /* SwiftUIView.swift */ = {isa = PBXFileReference; lastKnownFileType = sourcecode.swift; path = SwiftUIView.swift; sourceTree = "<group>"; };
		E33E76612F3BC0E6008D27B5 /* Assets.xcassets */ = {isa = PBXFileReference; lastKnownFileType = folder.assetcatalog; path = Assets.xcassets; sourceTree = "<group>"; };
		E33E76622F3BC0E6008D27B5 /* BLE_TutorialsApp.swift */ = {isa = PBXFileReference; lastKnownFileType = sourcecode.swift; path = BLE_TutorialsApp.swift; sourceTree = "<group>"; };
		E3F9F86E2E9D591A00C7573A /* The Better Binder.app */ = {isa = PBXFileReference; explicitFileType = wrapper.application; includeInIndex = 0; path = "The Better Binder.app"; sourceTree = BUILT_PRODUCTS_DIR; };
		E3F9F87B2E9D591C00C7573A /* BLE TutorialsTests.xctest */ = {isa = PBXFileReference; explicitFileType = wrapper.cfbundle; includeInIndex = 0; path = "BLE TutorialsTests.xctest"; sourceTree = BUILT_PRODUCTS_DIR; };
		E3F9F8852E9D591C00C7573A /* BLE TutorialsUITests.xctest */ = {isa = PBXFileReference; explicitFileType = wrapper.cfbundle; includeInIndex = 0; path = "BLE TutorialsUITests.xctest"; sourceTree = BUILT_PRODUCTS_DIR; };
/* End PBXFileReference section */

/* Begin PBXFileSystemSynchronizedBuildFileExceptionSet section */
		0EEB5A32303673B100ABA130 /* Exceptions for "Old Files" folder in "BLE Tutorials" target */ = {
			isa = PBXFileSystemSynchronizedBuildFileExceptionSet;
			membershipExceptions = (
				"BLE TutorialsTests/BLE_TutorialsTests.swift",
				"BLE TutorialsUITests/BLE_TutorialsUITests.swift",
				"BLE TutorialsUITests/BLE_TutorialsUITestsLaunchTests.swift",
			);
			target = E3F9F86D2E9D591A00C7573A /* BLE Tutorials */;
		};
		0EEB5A33303673B100ABA130 /* Exceptions for "Old Files" folder in "BLE TutorialsTests" target */ = {
			isa = PBXFileSystemSynchronizedBuildFileExceptionSet;
			membershipExceptions = (
				"BLE TutorialsTests/BLE_TutorialsTests.swift",
			);
			target = E3F9F87A2E9D591C00C7573A /* BLE TutorialsTests */;
		};
		0EEB5A39303673B800ABA130 /* Exceptions for "Old Files" folder in "BLE TutorialsUITests" target */ = {
			isa = PBXFileSystemSynchronizedBuildFileExceptionSet;
			membershipExceptions = (
				"BLE TutorialsUITests/BLE_TutorialsUITests.swift",
				"BLE TutorialsUITests/BLE_TutorialsUITestsLaunchTests.swift",
			);
			target = E3F9F8842E9D591C00C7573A /* BLE TutorialsUITests */;
		};
/* End PBXFileSystemSynchronizedBuildFileExceptionSet section */

/* Begin PBXFileSystemSynchronizedRootGroup section */
		0E5AE45A2F7B40B40087676E /* Settings Views */ = {
			isa = PBXFileSystemSynchronizedRootGroup;
			path = "Settings Views";
			sourceTree = "<group>";
		};
		0E5AE45B2F7B40DE0087676E /* Journal Views */ = {
			isa = PBXFileSystemSynchronizedRootGroup;
			path = "Journal Views";
			sourceTree = "<group>";
		};
		0EC3DFE32F788C0E00E0C495 /* Generated Data */ = {
			isa = PBXFileSystemSynchronizedRootGroup;
			path = "Generated Data";
			sourceTree = "<group>";
		};
		0EEB5A293036735900ABA130 /* Old Files */ = {
			isa = PBXFileSystemSynchronizedRootGroup;
			exceptions = (
				0EEB5A32303673B100ABA130 /* Exceptions for "Old Files" folder in "BLE Tutorials" target */,
				0EEB5A33303673B100ABA130 /* Exceptions for "Old Files" folder in "BLE TutorialsTests" target */,
				0EEB5A39303673B800ABA130 /* Exceptions for "Old Files" folder in "BLE TutorialsUITests" target */,
			);
			path = "Old Files";
			sourceTree = "<group>";
		};
/* End PBXFileSystemSynchronizedRootGroup section */

/* Begin PBXFrameworksBuildPhase section */
		E3F9F86B2E9D591A00C7573A /* Frameworks */ = {
			isa = PBXFrameworksBuildPhase;
			buildActionMask = 2147483647;
			files = (
			);
			runOnlyForDeploymentPostprocessing = 0;
		};
		E3F9F8782E9D591C00C7573A /* Frameworks */ = {
			isa = PBXFrameworksBuildPhase;
			buildActionMask = 2147483647;
			files = (
			);
			runOnlyForDeploymentPostprocessing = 0;
		};
		E3F9F8822E9D591C00C7573A /* Frameworks */ = {
			isa = PBXFrameworksBuildPhase;
			buildActionMask = 2147483647;
			files = (
			);
			runOnlyForDeploymentPostprocessing = 0;
		};
/* End PBXFrameworksBuildPhase section */

/* Begin PBXGroup section */
		0E2B55172F804F0F00904954 /* Branding */ = {
			isa = PBXGroup;
			children = (
				0E2B55232F8055AB00904954 /* FormatUI.swift */,
				0E2B55182F804F2D00904954 /* FontUI.swift */,
				0E2B551A2F804F6D00904954 /* Cabin-Italic-VariableFont_wdth,wght.ttf */,
				0E2B551B2F804F6D00904954 /* Cabin-VariableFont_wdth,wght.ttf */,
				0EEB5A24303666A600ABA130 /* InfoButton.swift */,
			);
			path = Branding;
			sourceTree = "<group>";
		};
		5C2793762F78719D006DDB32 /* TimerLogic */ = {
			isa = PBXGroup;
			children = (
				5C2793792F7871DC006DDB32 /* BindTimerNotification.swift */,
				5C2793772F7871B6006DDB32 /* BindTimer.swift */,
				0E972B3D2F85A92800CC1031 /* BindSessionModel.swift */,
				0E1DDDCF303E03BD00B128CC /* DailyTotalModel.swift */,
			);
			path = TimerLogic;
			sourceTree = "<group>";
		};
		9A8218753037BB5800448824 /* History Views */ = {
			isa = PBXGroup;
			children = (
				0E1DDDD7303E263300B128CC /* TableView.swift */,
				0E1DDDD5303E262D00B128CC /* YearView.swift */,
				0E1DDDD1303E23E200B128CC /* WeekView.swift */,
				5C2793722F787149006DDB32 /* HistoryView.swift */,
				9A8218763037BBD700448824 /* SwiftUIView.swift */,
			);
			path = "History Views";
			sourceTree = "<group>";
		};
		E33E76662F3BC0E6008D27B5 /* BLE Tutorials */ = {
			isa = PBXGroup;
			children = (
				0E2B55222F80501200904954 /* BLE-Tutorials-Info.plist */,
				E33E76622F3BC0E6008D27B5 /* BLE_TutorialsApp.swift */,
				5CB017932F6CC14700D50145 /* MainTabView.swift */,
				E33E76612F3BC0E6008D27B5 /* Assets.xcassets */,
				0EC3DFE32F788C0E00E0C495 /* Generated Data */,
				0E2B55172F804F0F00904954 /* Branding */,
				E33E766C2F3BC0EA008D27B5 /* Views */,
				5C2793762F78719D006DDB32 /* TimerLogic */,
			);
			path = "BLE Tutorials";
			sourceTree = "<group>";
		};
		E33E766C2F3BC0EA008D27B5 /* Views */ = {
			isa = PBXGroup;
			children = (
				9A8218753037BB5800448824 /* History Views */,
				0E5AE45B2F7B40DE0087676E /* Journal Views */,
				0E5AE45A2F7B40B40087676E /* Settings Views */,
				5C2793742F78717A006DDB32 /* TodayView.swift */,
			);
			path = Views;
			sourceTree = "<group>";
		};
		E3F9F8652E9D591A00C7573A = {
			isa = PBXGroup;
			children = (
				E33E76662F3BC0E6008D27B5 /* BLE Tutorials */,
				0EEB5A293036735900ABA130 /* Old Files */,
				E3F9F86F2E9D591A00C7573A /* Products */,
			);
			sourceTree = "<group>";
		};
		E3F9F86F2E9D591A00C7573A /* Products */ = {
			isa = PBXGroup;
			children = (
				E3F9F86E2E9D591A00C7573A /* The Better Binder.app */,
				E3F9F87B2E9D591C00C7573A /* BLE TutorialsTests.xctest */,
				E3F9F8852E9D591C00C7573A /* BLE TutorialsUITests.xctest */,
			);
			name = Products;
			sourceTree = "<group>";
		};
/* End PBXGroup section */

/* Begin PBXNativeTarget section */
		E3F9F86D2E9D591A00C7573A /* BLE Tutorials */ = {
			isa = PBXNativeTarget;
			buildConfigurationList = E3F9F88F2E9D591C00C7573A /* Build configuration list for PBXNativeTarget "BLE Tutorials" */;
			buildPhases = (
				E3F9F86A2E9D591A00C7573A /* Sources */,
				E3F9F86B2E9D591A00C7573A /* Frameworks */,
				E3F9F86C2E9D591A00C7573A /* Resources */,
			);
			buildRules = (
			);
			dependencies = (
			);
			fileSystemSynchronizedGroups = (
				0E5AE45A2F7B40B40087676E /* Settings Views */,
				0E5AE45B2F7B40DE0087676E /* Journal Views */,
				0EC3DFE32F788C0E00E0C495 /* Generated Data */,
				0EEB5A293036735900ABA130 /* Old Files */,
			);
			name = "BLE Tutorials";
			packageProductDependencies = (
			);
			productName = "BLE Tutorials";
			productReference = E3F9F86E2E9D591A00C7573A /* The Better Binder.app */;
			productType = "com.apple.product-type.application";
		};
		E3F9F87A2E9D591C00C7573A /* BLE TutorialsTests */ = {
			isa = PBXNativeTarget;
			buildConfigurationList = E3F9F8922E9D591C00C7573A /* Build configuration list for PBXNativeTarget "BLE TutorialsTests" */;
			buildPhases = (
				E3F9F8772E9D591C00C7573A /* Sources */,
				E3F9F8782E9D591C00C7573A /* Frameworks */,
				E3F9F8792E9D591C00C7573A /* Resources */,
			);
			buildRules = (
			);
			dependencies = (
				E3F9F87D2E9D591C00C7573A /* PBXTargetDependency */,
			);
			name = "BLE TutorialsTests";
			packageProductDependencies = (
			);
			productName = "BLE TutorialsTests";
			productReference = E3F9F87B2E9D591C00C7573A /* BLE TutorialsTests.xctest */;
			productType = "com.apple.product-type.bundle.unit-test";
		};
		E3F9F8842E9D591C00C7573A /* BLE TutorialsUITests */ = {
			isa = PBXNativeTarget;
			buildConfigurationList = E3F9F8952E9D591C00C7573A /* Build configuration list for PBXNativeTarget "BLE TutorialsUITests" */;
			buildPhases = (
				E3F9F8812E9D591C00C7573A /* Sources */,
				E3F9F8822E9D591C00C7573A /* Frameworks */,
				E3F9F8832E9D591C00C7573A /* Resources */,
			);
			buildRules = (
			);
			dependencies = (
				E3F9F8872E9D591C00C7573A /* PBXTargetDependency */,
			);
			name = "BLE TutorialsUITests";
			packageProductDependencies = (
			);
			productName = "BLE TutorialsUITests";
			productReference = E3F9F8852E9D591C00C7573A /* BLE TutorialsUITests.xctest */;
			productType = "com.apple.product-type.bundle.ui-testing";
		};
/* End PBXNativeTarget section */

/* Begin PBXProject section */
		E3F9F8662E9D591A00C7573A /* Project object */ = {
			isa = PBXProject;
			attributes = {
				BuildIndependentTargetsInParallel = 1;
				LastSwiftUpdateCheck = 2600;
				LastUpgradeCheck = 2600;
				TargetAttributes = {
					E3F9F86D2E9D591A00C7573A = {
						CreatedOnToolsVersion = 26.0.1;
					};
					E3F9F87A2E9D591C00C7573A = {
						CreatedOnToolsVersion = 26.0.1;
						TestTargetID = E3F9F86D2E9D591A00C7573A;
					};
					E3F9F8842E9D591C00C7573A = {
						CreatedOnToolsVersion = 26.0.1;
						TestTargetID = E3F9F86D2E9D591A00C7573A;
					};
				};
			};
			buildConfigurationList = E3F9F8692E9D591A00C7573A /* Build configuration list for PBXProject "BLE Tutorials" */;
			developmentRegion = en;
			hasScannedForEncodings = 0;
			knownRegions = (
				en,
				Base,
			);
			mainGroup = E3F9F8652E9D591A00C7573A;
			minimizedProjectReferenceProxies = 1;
			preferredProjectObjectVersion = 77;
			productRefGroup = E3F9F86F2E9D591A00C7573A /* Products */;
			projectDirPath = "";
			projectRoot = "";
			targets = (
				E3F9F86D2E9D591A00C7573A /* BLE Tutorials */,
				E3F9F87A2E9D591C00C7573A /* BLE TutorialsTests */,
				E3F9F8842E9D591C00C7573A /* BLE TutorialsUITests */,
			);
		};
/* End PBXProject section */

/* Begin PBXResourcesBuildPhase section */
		E3F9F86C2E9D591A00C7573A /* Resources */ = {
			isa = PBXResourcesBuildPhase;
			buildActionMask = 2147483647;
			files = (
				0E2B55202F804F6D00904954 /* Cabin-VariableFont_wdth,wght.ttf in Resources */,
				0E2B55212F804F6D00904954 /* Cabin-Italic-VariableFont_wdth,wght.ttf in Resources */,
				E33E766B2F3BC0E6008D27B5 /* Assets.xcassets in Resources */,
			);
			runOnlyForDeploymentPostprocessing = 0;
		};
		E3F9F8792E9D591C00C7573A /* Resources */ = {
			isa = PBXResourcesBuildPhase;
			buildActionMask = 2147483647;
			files = (
				0E2B551C2F804F6D00904954 /* Cabin-VariableFont_wdth,wght.ttf in Resources */,
				0E2B551D2F804F6D00904954 /* Cabin-Italic-VariableFont_wdth,wght.ttf in Resources */,
			);
			runOnlyForDeploymentPostprocessing = 0;
		};
		E3F9F8832E9D591C00C7573A /* Resources */ = {
			isa = PBXResourcesBuildPhase;
			buildActionMask = 2147483647;
			files = (
				0E2B551E2F804F6D00904954 /* Cabin-VariableFont_wdth,wght.ttf in Resources */,
				0E2B551F2F804F6D00904954 /* Cabin-Italic-VariableFont_wdth,wght.ttf in Resources */,
			);
			runOnlyForDeploymentPostprocessing = 0;
		};
/* End PBXResourcesBuildPhase section */

/* Begin PBXSourcesBuildPhase section */
		E3F9F86A2E9D591A00C7573A /* Sources */ = {
			isa = PBXSourcesBuildPhase;
			buildActionMask = 2147483647;
			files = (
				5C27937A2F7871E4006DDB32 /* BindTimerNotification.swift in Sources */,
				5C2793782F7871BC006DDB32 /* BindTimer.swift in Sources */,
				5C2793732F78715A006DDB32 /* HistoryView.swift in Sources */,
				0EEB5A25303666A600ABA130 /* InfoButton.swift in Sources */,
				0E1DDDD8303E263600B128CC /* TableView.swift in Sources */,
				E33E76672F3BC0E6008D27B5 /* BLE_TutorialsApp.swift in Sources */,
				0E2B55192F804F4500904954 /* FontUI.swift in Sources */,
				9A8218773037BBD700448824 /* SwiftUIView.swift in Sources */,
				0E2B55252F8055C900904954 /* FormatUI.swift in Sources */,
				0E972B3E2F85A93D00CC1031 /* BindSessionModel.swift in Sources */,
				0E1DDDD2303E23FE00B128CC /* WeekView.swift in Sources */,
				0E1DDDD0303E03C400B128CC /* DailyTotalModel.swift in Sources */,
				5C2793752F78717D006DDB32 /* TodayView.swift in Sources */,
				0E1DDDD6303E262F00B128CC /* YearView.swift in Sources */,
				5CB017942F6CC14700D50145 /* MainTabView.swift in Sources */,
			);
			runOnlyForDeploymentPostprocessing = 0;
		};
		E3F9F8772E9D591C00C7573A /* Sources */ = {
			isa = PBXSourcesBuildPhase;
			buildActionMask = 2147483647;
			files = (
				0E2B55262F8055C900904954 /* FormatUI.swift in Sources */,
			);
			runOnlyForDeploymentPostprocessing = 0;
		};
		E3F9F8812E9D591C00C7573A /* Sources */ = {
			isa = PBXSourcesBuildPhase;
			buildActionMask = 2147483647;
			files = (
				0E2B55242F8055C900904954 /* FormatUI.swift in Sources */,
			);
			runOnlyForDeploymentPostprocessing = 0;
		};
/* End PBXSourcesBuildPhase section */

/* Begin PBXTargetDependency section */
		E3F9F87D2E9D591C00C7573A /* PBXTargetDependency */ = {
			isa = PBXTargetDependency;
			target = E3F9F86D2E9D591A00C7573A /* BLE Tutorials */;
			targetProxy = E3F9F87C2E9D591C00C7573A /* PBXContainerItemProxy */;
		};
		E3F9F8872E9D591C00C7573A /* PBXTargetDependency */ = {
			isa = PBXTargetDependency;
			target = E3F9F86D2E9D591A00C7573A /* BLE Tutorials */;
			targetProxy = E3F9F8862E9D591C00C7573A /* PBXContainerItemProxy */;
		};
/* End PBXTargetDependency section */

/* Begin XCBuildConfiguration section */
		E3F9F88D2E9D591C00C7573A /* Debug */ = {
			isa = XCBuildConfiguration;
			buildSettings = {
				ALWAYS_SEARCH_USER_PATHS = NO;
				ASSETCATALOG_COMPILER_GENERATE_SWIFT_ASSET_SYMBOL_EXTENSIONS = YES;
				CLANG_ANALYZER_NONNULL = YES;
				CLANG_ANALYZER_NUMBER_OBJECT_CONVERSION = YES_AGGRESSIVE;
				CLANG_CXX_LANGUAGE_STANDARD = "gnu++20";
				CLANG_ENABLE_MODULES = YES;
				CLANG_ENABLE_OBJC_ARC = YES;
				CLANG_ENABLE_OBJC_WEAK = YES;
				CLANG_WARN_BLOCK_CAPTURE_AUTORELEASING = YES;
				CLANG_WARN_BOOL_CONVERSION = YES;
				CLANG_WARN_COMMA = YES;
				CLANG_WARN_CONSTANT_CONVERSION = YES;
				CLANG_WARN_DEPRECATED_OBJC_IMPLEMENTATIONS = YES;
				CLANG_WARN_DIRECT_OBJC_ISA_USAGE = YES_ERROR;
				CLANG_WARN_DOCUMENTATION_COMMENTS = YES;
				CLANG_WARN_EMPTY_BODY = YES;
				CLANG_WARN_ENUM_CONVERSION = YES;
				CLANG_WARN_INFINITE_RECURSION = YES;
				CLANG_WARN_INT_CONVERSION = YES;
				CLANG_WARN_NON_LITERAL_NULL_CONVERSION = YES;
				CLANG_WARN_OBJC_IMPLICIT_RETAIN_SELF = YES;
				CLANG_WARN_OBJC_LITERAL_CONVERSION = YES;
				CLANG_WARN_OBJC_ROOT_CLASS = YES_ERROR;
				CLANG_WARN_QUOTED_INCLUDE_IN_FRAMEWORK_HEADER = YES;
				CLANG_WARN_RANGE_LOOP_ANALYSIS = YES;
				CLANG_WARN_STRICT_PROTOTYPES = YES;
				CLANG_WARN_SUSPICIOUS_MOVE = YES;
				CLANG_WARN_UNGUARDED_AVAILABILITY = YES_AGGRESSIVE;
				CLANG_WARN_UNREACHABLE_CODE = YES;
				CLANG_WARN__DUPLICATE_METHOD_MATCH = YES;
				COPY_PHASE_STRIP = NO;
				DEBUG_INFORMATION_FORMAT = dwarf;
				DEVELOPMENT_TEAM = PJSW37B9W8;
				ENABLE_STRICT_OBJC_MSGSEND = YES;
				ENABLE_TESTABILITY = YES;
				ENABLE_USER_SCRIPT_SANDBOXING = YES;
				GCC_C_LANGUAGE_STANDARD = gnu17;
				GCC_DYNAMIC_NO_PIC = NO;
				GCC_NO_COMMON_BLOCKS = YES;
				GCC_OPTIMIZATION_LEVEL = 0;
				GCC_PREPROCESSOR_DEFINITIONS = (
					"DEBUG=1",
					"$(inherited)",
				);
				GCC_WARN_64_TO_32_BIT_CONVERSION = YES;
				GCC_WARN_ABOUT_RETURN_TYPE = YES_ERROR;
				GCC_WARN_UNDECLARED_SELECTOR = YES;
				GCC_WARN_UNINITIALIZED_AUTOS = YES_AGGRESSIVE;
				GCC_WARN_UNUSED_FUNCTION = YES;
				GCC_WARN_UNUSED_VARIABLE = YES;
				IPHONEOS_DEPLOYMENT_TARGET = 26.0;
				LOCALIZATION_PREFERS_STRING_CATALOGS = YES;
				MTL_ENABLE_DEBUG_INFO = INCLUDE_SOURCE;
				MTL_FAST_MATH = YES;
				ONLY_ACTIVE_ARCH = YES;
				SDKROOT = iphoneos;
				SWIFT_ACTIVE_COMPILATION_CONDITIONS = "DEBUG $(inherited)";
				SWIFT_OPTIMIZATION_LEVEL = "-Onone";
			};
			name = Debug;
		};
		E3F9F88E2E9D591C00C7573A /* Release */ = {
			isa = XCBuildConfiguration;
			buildSettings = {
				ALWAYS_SEARCH_USER_PATHS = NO;
				ASSETCATALOG_COMPILER_GENERATE_SWIFT_ASSET_SYMBOL_EXTENSIONS = YES;
				CLANG_ANALYZER_NONNULL = YES;
				CLANG_ANALYZER_NUMBER_OBJECT_CONVERSION = YES_AGGRESSIVE;
				CLANG_CXX_LANGUAGE_STANDARD = "gnu++20";
				CLANG_ENABLE_MODULES = YES;
				CLANG_ENABLE_OBJC_ARC = YES;
				CLANG_ENABLE_OBJC_WEAK = YES;
				CLANG_WARN_BLOCK_CAPTURE_AUTORELEASING = YES;
				CLANG_WARN_BOOL_CONVERSION = YES;
				CLANG_WARN_COMMA = YES;
				CLANG_WARN_CONSTANT_CONVERSION = YES;
				CLANG_WARN_DEPRECATED_OBJC_IMPLEMENTATIONS = YES;
				CLANG_WARN_DIRECT_OBJC_ISA_USAGE = YES_ERROR;
				CLANG_WARN_DOCUMENTATION_COMMENTS = YES;
				CLANG_WARN_EMPTY_BODY = YES;
				CLANG_WARN_ENUM_CONVERSION = YES;
				CLANG_WARN_INFINITE_RECURSION = YES;
				CLANG_WARN_INT_CONVERSION = YES;
				CLANG_WARN_NON_LITERAL_NULL_CONVERSION = YES;
				CLANG_WARN_OBJC_IMPLICIT_RETAIN_SELF = YES;
				CLANG_WARN_OBJC_LITERAL_CONVERSION = YES;
				CLANG_WARN_OBJC_ROOT_CLASS = YES_ERROR;
				CLANG_WARN_QUOTED_INCLUDE_IN_FRAMEWORK_HEADER = YES;
				CLANG_WARN_RANGE_LOOP_ANALYSIS = YES;
				CLANG_WARN_STRICT_PROTOTYPES = YES;
				CLANG_WARN_SUSPICIOUS_MOVE = YES;
				CLANG_WARN_UNGUARDED_AVAILABILITY = YES_AGGRESSIVE;
				CLANG_WARN_UNREACHABLE_CODE = YES;
				CLANG_WARN__DUPLICATE_METHOD_MATCH = YES;
				COPY_PHASE_STRIP = NO;
				DEBUG_INFORMATION_FORMAT = "dwarf-with-dsym";
				DEVELOPMENT_TEAM = PJSW37B9W8;
				ENABLE_NS_ASSERTIONS = NO;
				ENABLE_STRICT_OBJC_MSGSEND = YES;
				ENABLE_USER_SCRIPT_SANDBOXING = YES;
				GCC_C_LANGUAGE_STANDARD = gnu17;
				GCC_NO_COMMON_BLOCKS = YES;
				GCC_WARN_64_TO_32_BIT_CONVERSION = YES;
				GCC_WARN_ABOUT_RETURN_TYPE = YES_ERROR;
				GCC_WARN_UNDECLARED_SELECTOR = YES;
				GCC_WARN_UNINITIALIZED_AUTOS = YES_AGGRESSIVE;
				GCC_WARN_UNUSED_FUNCTION = YES;
				GCC_WARN_UNUSED_VARIABLE = YES;
				IPHONEOS_DEPLOYMENT_TARGET = 26.0;
				LOCALIZATION_PREFERS_STRING_CATALOGS = YES;
				MTL_ENABLE_DEBUG_INFO = NO;
				MTL_FAST_MATH = YES;
				SDKROOT = iphoneos;
				SWIFT_COMPILATION_MODE = wholemodule;
				VALIDATE_PRODUCT = YES;
			};
			name = Release;
		};
		E3F9F8902E9D591C00C7573A /* Debug */ = {
			isa = XCBuildConfiguration;
			buildSettings = {
				ASSETCATALOG_COMPILER_APPICON_NAME = AppIcon;
				ASSETCATALOG_COMPILER_GLOBAL_ACCENT_COLOR_NAME = AccentColor;
				CODE_SIGN_STYLE = Automatic;
				CURRENT_PROJECT_VERSION = 1;
				DEVELOPMENT_TEAM = QC5586RP8J;
				ENABLE_PREVIEWS = YES;
				GENERATE_INFOPLIST_FILE = YES;
				INFOPLIST_FILE = "BLE-Tutorials-Info.plist";
				INFOPLIST_KEY_CFBundleDisplayName = "The Better Binder";
				INFOPLIST_KEY_NSBluetoothAlwaysUsageDescription = "All the reasons";
				INFOPLIST_KEY_UIApplicationSceneManifest_Generation = YES;
				INFOPLIST_KEY_UIApplicationSupportsIndirectInputEvents = YES;
				INFOPLIST_KEY_UILaunchScreen_Generation = YES;
				INFOPLIST_KEY_UISupportedInterfaceOrientations_iPad = "UIInterfaceOrientationPortrait UIInterfaceOrientationPortraitUpsideDown UIInterfaceOrientationLandscapeLeft UIInterfaceOrientationLandscapeRight";
				INFOPLIST_KEY_UISupportedInterfaceOrientations_iPhone = "UIInterfaceOrientationPortrait UIInterfaceOrientationLandscapeLeft UIInterfaceOrientationLandscapeRight";
				IPHONEOS_DEPLOYMENT_TARGET = 18.6;
				LD_RUNPATH_SEARCH_PATHS = (
					"$(inherited)",
					"@executable_path/Frameworks",
				);
				MARKETING_VERSION = 1.0;
				PRODUCT_BUNDLE_IDENTIFIER = "BLE-Tutorials";
				PRODUCT_NAME = "The Better Binder";
				STRING_CATALOG_GENERATE_SYMBOLS = YES;
				SWIFT_APPROACHABLE_CONCURRENCY = YES;
				SWIFT_DEFAULT_ACTOR_ISOLATION = MainActor;
				SWIFT_EMIT_LOC_STRINGS = YES;
				SWIFT_UPCOMING_FEATURE_MEMBER_IMPORT_VISIBILITY = YES;
				SWIFT_VERSION = 5.0;
				TARGETED_DEVICE_FAMILY = "1,2";
			};
			name = Debug;
		};
		E3F9F8912E9D591C00C7573A /* Release */ = {
			isa = XCBuildConfiguration;
			buildSettings = {
				ASSETCATALOG_COMPILER_APPICON_NAME = AppIcon;
				ASSETCATALOG_COMPILER_GLOBAL_ACCENT_COLOR_NAME = AccentColor;
				CODE_SIGN_STYLE = Automatic;
				CURRENT_PROJECT_VERSION = 1;
				DEVELOPMENT_TEAM = QC5586RP8J;
				ENABLE_PREVIEWS = YES;
				GENERATE_INFOPLIST_FILE = YES;
				INFOPLIST_FILE = "BLE-Tutorials-Info.plist";
				INFOPLIST_KEY_CFBundleDisplayName = "The Better Binder";
				INFOPLIST_KEY_NSBluetoothAlwaysUsageDescription = "All the reasons";
				INFOPLIST_KEY_UIApplicationSceneManifest_Generation = YES;
				INFOPLIST_KEY_UIApplicationSupportsIndirectInputEvents = YES;
				INFOPLIST_KEY_UILaunchScreen_Generation = YES;
				INFOPLIST_KEY_UISupportedInterfaceOrientations_iPad = "UIInterfaceOrientationPortrait UIInterfaceOrientationPortraitUpsideDown UIInterfaceOrientationLandscapeLeft UIInterfaceOrientationLandscapeRight";
				INFOPLIST_KEY_UISupportedInterfaceOrientations_iPhone = "UIInterfaceOrientationPortrait UIInterfaceOrientationLandscapeLeft UIInterfaceOrientationLandscapeRight";
				IPHONEOS_DEPLOYMENT_TARGET = 18.6;
				LD_RUNPATH_SEARCH_PATHS = (
					"$(inherited)",
					"@executable_path/Frameworks",
				);
				MARKETING_VERSION = 1.0;
				PRODUCT_BUNDLE_IDENTIFIER = "BLE-Tutorials";
				PRODUCT_NAME = "The Better Binder";
				STRING_CATALOG_GENERATE_SYMBOLS = YES;
				SWIFT_APPROACHABLE_CONCURRENCY = YES;
				SWIFT_DEFAULT_ACTOR_ISOLATION = MainActor;
				SWIFT_EMIT_LOC_STRINGS = YES;
				SWIFT_UPCOMING_FEATURE_MEMBER_IMPORT_VISIBILITY = YES;
				SWIFT_VERSION = 5.0;
				TARGETED_DEVICE_FAMILY = "1,2";
			};
			name = Release;
		};
		E3F9F8932E9D591C00C7573A /* Debug */ = {
			isa = XCBuildConfiguration;
			buildSettings = {
				BUNDLE_LOADER = "$(TEST_HOST)";
				CODE_SIGN_STYLE = Automatic;
				CURRENT_PROJECT_VERSION = 1;
				DEVELOPMENT_TEAM = PJSW37B9W8;
				GENERATE_INFOPLIST_FILE = YES;
				IPHONEOS_DEPLOYMENT_TARGET = 26.0;
				MARKETING_VERSION = 1.0;
				PRODUCT_BUNDLE_IDENTIFIER = "codingOnCrack.BLE-TutorialsTests";
				PRODUCT_NAME = "$(TARGET_NAME)";
				STRING_CATALOG_GENERATE_SYMBOLS = NO;
				SWIFT_APPROACHABLE_CONCURRENCY = YES;
				SWIFT_EMIT_LOC_STRINGS = NO;
				SWIFT_UPCOMING_FEATURE_MEMBER_IMPORT_VISIBILITY = YES;
				SWIFT_VERSION = 5.0;
				TARGETED_DEVICE_FAMILY = "1,2";
				TEST_HOST = "$(BUILT_PRODUCTS_DIR)/BLE Tutorials.app/$(BUNDLE_EXECUTABLE_FOLDER_PATH)/BLE Tutorials";
			};
			name = Debug;
		};
		E3F9F8942E9D591C00C7573A /* Release */ = {
			isa = XCBuildConfiguration;
			buildSettings = {
				BUNDLE_LOADER = "$(TEST_HOST)";
				CODE_SIGN_STYLE = Automatic;
				CURRENT_PROJECT_VERSION = 1;
				DEVELOPMENT_TEAM = PJSW37B9W8;
				GENERATE_INFOPLIST_FILE = YES;
				IPHONEOS_DEPLOYMENT_TARGET = 26.0;
				MARKETING_VERSION = 1.0;
				PRODUCT_BUNDLE_IDENTIFIER = "codingOnCrack.BLE-TutorialsTests";
				PRODUCT_NAME = "$(TARGET_NAME)";
				STRING_CATALOG_GENERATE_SYMBOLS = NO;
				SWIFT_APPROACHABLE_CONCURRENCY = YES;
				SWIFT_EMIT_LOC_STRINGS = NO;
				SWIFT_UPCOMING_FEATURE_MEMBER_IMPORT_VISIBILITY = YES;
				SWIFT_VERSION = 5.0;
				TARGETED_DEVICE_FAMILY = "1,2";
				TEST_HOST = "$(BUILT_PRODUCTS_DIR)/BLE Tutorials.app/$(BUNDLE_EXECUTABLE_FOLDER_PATH)/BLE Tutorials";
			};
			name = Release;
		};
		E3F9F8962E9D591C00C7573A /* Debug */ = {
			isa = XCBuildConfiguration;
			buildSettings = {
				CODE_SIGN_STYLE = Automatic;
				CURRENT_PROJECT_VERSION = 1;
				DEVELOPMENT_TEAM = PJSW37B9W8;
				GENERATE_INFOPLIST_FILE = YES;
				MARKETING_VERSION = 1.0;
				PRODUCT_BUNDLE_IDENTIFIER = "codingOnCrack.BLE-TutorialsUITests";
				PRODUCT_NAME = "$(TARGET_NAME)";
				STRING_CATALOG_GENERATE_SYMBOLS = NO;
				SWIFT_APPROACHABLE_CONCURRENCY = YES;
				SWIFT_EMIT_LOC_STRINGS = NO;
				SWIFT_UPCOMING_FEATURE_MEMBER_IMPORT_VISIBILITY = YES;
				SWIFT_VERSION = 5.0;
				TARGETED_DEVICE_FAMILY = "1,2";
				TEST_TARGET_NAME = "BLE Tutorials";
			};
			name = Debug;
		};
		E3F9F8972E9D591C00C7573A /* Release */ = {
			isa = XCBuildConfiguration;
			buildSettings = {
				CODE_SIGN_STYLE = Automatic;
				CURRENT_PROJECT_VERSION = 1;
				DEVELOPMENT_TEAM = PJSW37B9W8;
				GENERATE_INFOPLIST_FILE = YES;
				MARKETING_VERSION = 1.0;
				PRODUCT_BUNDLE_IDENTIFIER = "codingOnCrack.BLE-TutorialsUITests";
				PRODUCT_NAME = "$(TARGET_NAME)";
				STRING_CATALOG_GENERATE_SYMBOLS = NO;
				SWIFT_APPROACHABLE_CONCURRENCY = YES;
				SWIFT_EMIT_LOC_STRINGS = NO;
				SWIFT_UPCOMING_FEATURE_MEMBER_IMPORT_VISIBILITY = YES;
				SWIFT_VERSION = 5.0;
				TARGETED_DEVICE_FAMILY = "1,2";
				TEST_TARGET_NAME = "BLE Tutorials";
			};
			name = Release;
		};
/* End XCBuildConfiguration section */

/* Begin XCConfigurationList section */
		E3F9F8692E9D591A00C7573A /* Build configuration list for PBXProject "BLE Tutorials" */ = {
			isa = XCConfigurationList;
			buildConfigurations = (
				E3F9F88D2E9D591C00C7573A /* Debug */,
				E3F9F88E2E9D591C00C7573A /* Release */,
			);
			defaultConfigurationIsVisible = 0;
			defaultConfigurationName = Release;
		};
		E3F9F88F2E9D591C00C7573A /* Build configuration list for PBXNativeTarget "BLE Tutorials" */ = {
			isa = XCConfigurationList;
			buildConfigurations = (
				E3F9F8902E9D591C00C7573A /* Debug */,
				E3F9F8912E9D591C00C7573A /* Release */,
			);
			defaultConfigurationIsVisible = 0;
			defaultConfigurationName = Release;
		};
		E3F9F8922E9D591C00C7573A /* Build configuration list for PBXNativeTarget "BLE TutorialsTests" */ = {
			isa = XCConfigurationList;
			buildConfigurations = (
				E3F9F8932E9D591C00C7573A /* Debug */,
				E3F9F8942E9D591C00C7573A /* Release */,
			);
			defaultConfigurationIsVisible = 0;
			defaultConfigurationName = Release;
		};
		E3F9F8952E9D591C00C7573A /* Build configuration list for PBXNativeTarget "BLE TutorialsUITests" */ = {
			isa = XCConfigurationList;
			buildConfigurations = (
				E3F9F8962E9D591C00C7573A /* Debug */,
				E3F9F8972E9D591C00C7573A /* Release */,
			);
			defaultConfigurationIsVisible = 0;
			defaultConfigurationName = Release;
		};
/* End XCConfigurationList section */
	};
	rootObject = E3F9F8662E9D591A00C7573A /* Project object */;
}
